
Microsoft Visual Studio Solution File, Format Version 12.00
# Visual Studio 15
VisualStudioVersion = 15.0.28010.2036
MinimumVisualStudioVersion = 10.0.40219.1
Project("{FAE04EC0-301F-11D3-BF4B-00C04F79EFBC}") = "WebAPIUploadImage", "WebAPIUploadImage\WebAPIUploadImage.csproj", "{D065FC2C-A0D7-4276-AFA9-AAA86B41391C}"
EndProject
Global
	GlobalSection(SolutionConfigurationPlatforms) = preSolution
		Debug|Any CPU = Debug|Any CPU
		Release|Any CPU = Release|Any CPU
	EndGlobalSection
	GlobalSection(ProjectConfigurationPlatforms) = postSolution
		{D065FC2C-A0D7-4276-AFA9-AAA86B41391C}.Debug|Any CPU.ActiveCfg = Debug|Any CPU
		{D065FC2C-A0D7-4276-AFA9-AAA86B41391C}.Debug|Any CPU.Build.0 = Debug|Any CPU
		{D065FC2C-A0D7-4276-AFA9-AAA86B41391C}.Release|Any CPU.ActiveCfg = Release|Any CPU
		{D065FC2C-A0D7-4276-AFA9-AAA86B41391C}.Release|Any CPU.Build.0 = Release|Any CPU
	EndGlobalSection
	GlobalSection(SolutionProperties) = preSolution
		HideSolutionNode = FALSE
	EndGlobalSection
	GlobalSection(ExtensibilityGlobals) = postSolution
		SolutionGuid = {5718E6B1-D278-4EF2-934B-8D706A5A0A01}
	EndGlobalSection
EndGlobal
